
Microsoft Visual Studio Solution File, Format Version 12.00
# Visual Studio Version 17
VisualStudioVersion = 17.14.36518.9 d17.14
MinimumVisualStudioVersion = 10.0.40219.1
Project("{FAE04EC0-301F-11D3-BF4B-00C04F79EFBC}") = "ImageCompression", "ImageCompression\ImageCompression.csproj", "{2B55C175-3EE0-48DB-8F10-3D691A2959AC}"
EndProject
Global
	GlobalSection(SolutionConfigurationPlatforms) = preSolution
		Debug|Any CPU = Debug|Any CPU
		Release|Any CPU = Release|Any CPU
	EndGlobalSection
	GlobalSection(ProjectConfigurationPlatforms) = postSolution
		{2B55C175-3EE0-48DB-8F10-3D691A2959AC}.Debug|Any CPU.ActiveCfg = Debug|Any CPU
		{2B55C175-3EE0-48DB-8F10-3D691A2959AC}.Debug|Any CPU.Build.0 = Debug|Any CPU
		{2B55C175-3EE0-48DB-8F10-3D691A2959AC}.Release|Any CPU.ActiveCfg = Release|Any CPU
		{2B55C175-3EE0-48DB-8F10-3D691A2959AC}.Release|Any CPU.Build.0 = Release|Any CPU
	EndGlobalSection
	GlobalSection(SolutionProperties) = preSolution
		HideSolutionNode = FALSE
	EndGlobalSection
	GlobalSection(ExtensibilityGlobals) = postSolution
		SolutionGuid = {4175A016-35F2-4A5A-901B-DD5F3F5BDEEF}
	EndGlobalSection
EndGlobal
